
Microsoft Visual Studio Solution File, Format Version 12.00
# Visual Studio 15
VisualStudioVersion = 15.0.28307.757
MinimumVisualStudioVersion = 10.0.40219.1
Project("{FAE04EC0-301F-11D3-BF4B-00C04F79EFBC}") = "DataStructureNAlgo", "DataStructureNAlgo\DataStructureNAlgo.csproj", "{772CF104-6D8D-4E60-B4C8-DBF48A96ED92}"
EndProject
Global
	GlobalSection(SolutionConfigurationPlatforms) = preSolution
		Debug|Any CPU = Debug|Any CPU
		Release|Any CPU = Release|Any CPU
	EndGlobalSection
	GlobalSection(ProjectConfigurationPlatforms) = postSolution
		{772CF104-6D8D-4E60-B4C8-DBF48A96ED92}.Debug|Any CPU.ActiveCfg = Debug|Any CPU
		{772CF104-6D8D-4E60-B4C8-DBF48A96ED92}.Debug|Any CPU.Build.0 = Debug|Any CPU
		{772CF104-6D8D-4E60-B4C8-DBF48A96ED92}.Release|Any CPU.ActiveCfg = Release|Any CPU
		{772CF104-6D8D-4E60-B4C8-DBF48A96ED92}.Release|Any CPU.Build.0 = Release|Any CPU
	EndGlobalSection
	GlobalSection(SolutionProperties) = preSolution
		HideSolutionNode = FALSE
	EndGlobalSection
	GlobalSection(ExtensibilityGlobals) = postSolution
		SolutionGuid = {3B9D6717-D186-4C6D-8594-752B1BF4DC78}
	EndGlobalSection
EndGlobal
